# Generated by buf. DO NOT EDIT.
version: v1
deps:
  - remote: buf.build
    owner: gogo
    repository: protobuf
    commit: 4df00b267f944190a229ce3695781e99
  - remote: buf.build
    owner: googleapis
    repository: googleapis
    commit: 8f04c867ddf14e13a231d5119b8ebb8b
  - remote: buf.build
    owner: grpc-ecosystem
    repository: grpc-gateway
    commit: 00116f302b12478b85deb33b734e026c
